// !$*UTF8*$!
{
	archiveVersion = 1;
	classes = {
	};
	objectVersion = 50;
	objects = {

/* Begin PBXBuildFile section */
		18560968255BCE0F00CBE63F /* AppDelegate.swift in Sources */ = {isa = PBXBuildFile; fileRef = 18560967255BCE0F00CBE63F /* AppDelegate.swift */; };
		1856096A255BCE0F00CBE63F /* SceneDelegate.swift in Sources */ = {isa = PBXBuildFile; fileRef = 18560969255BCE0F00CBE63F /* SceneDelegate.swift */; };
		1856096C255BCE0F00CBE63F /* ViewController.swift in Sources */ = {isa = PBXBuildFile; fileRef = 1856096B255BCE0F00CBE63F /* ViewController.swift */; };
		1856096F255BCE0F00CBE63F /* Main.storyboard in Resources */ = {isa = PBXBuildFile; fileRef = 1856096D255BCE0F00CBE63F /* Main.storyboard */; };
		18560971255BCE1000CBE63F /* Assets.xcassets in Resources */ = {isa = PBXBuildFile; fileRef = 18560970255BCE1000CBE63F /* Assets.xcassets */; };
		18560974255BCE1000CBE63F /* LaunchScreen.storyboard in Resources */ = {isa = PBXBuildFile; fileRef = 18560972255BCE1000CBE63F /* LaunchScreen.storyboard */; };
/* End PBXBuildFile section */

/* Begin PBXFileReference section */
		18560964255BCE0F00CBE63F /* wolf201111.app */ = {isa = PBXFileReference; explicitFileType = wrapper.application; includeInIndex = 0; path = wolf201111.app; sourceTree = BUILT_PRODUCTS_DIR; };
		18560967255BCE0F00CBE63F /* AppDelegate.swift */ = {isa = PBXFileReference; lastKnownFileType = sourcecode.swift; path = AppDelegate.swift; sourceTree = "<group>"; };
		18560969255BCE0F00CBE63F /* SceneDelegate.swift */ = {isa = PBXFileReference; lastKnownFileType = sourcecode.swift; path = SceneDelegate.swift; sourceTree = "<group>"; };
		1856096B255BCE0F00CBE63F /* ViewController.swift */ = {isa = PBXFileReference; lastKnownFileType = sourcecode.swift; path = ViewController.swift; sourceTree = "<group>"; };
		1856096E255BCE0F00CBE63F /* Base */ = {isa = PBXFileReference; lastKnownFileType = file.storyboard; name = Base; path = Base.lproj/Main.storyboard; sourceTree = "<group>"; };
		18560970255BCE1000CBE63F /* Assets.xcassets */ = {isa = PBXFileReference; lastKnownFileType = folder.assetcatalog; path = Assets.xcassets; sourceTree = "<group>"; };
		18560973255BCE1000CBE63F /* Base */ = {isa = PBXFileReference; lastKnownFileType = file.storyboard; name = Base; path = Base.lproj/LaunchScreen.storyboard; sourceTree = "<group>"; };
		18560975255BCE1000CBE63F /* Info.plist */ = {isa = PBXFileReference; lastKnownFileType = text.plist.xml; path = Info.plist; sourceTree = "<group>"; };
/* End PBXFileReference section */

/* Begin PBXFrameworksBuildPhase section */
		18560961255BCE0F00CBE63F /* Frameworks */ = {
			isa = PBXFrameworksBuildPhase;
			buildActionMask = 2147483647;
			files = (
			);
			runOnlyForDeploymentPostprocessing = 0;
		};
/* End PBXFrameworksBuildPhase section */

/* Begin PBXGroup section */
		1856095B255BCE0F00CBE63F = {
			isa = PBXGroup;
			children = (
				18560966255BCE0F00CBE63F /* wolf201111 */,
				18560965255BCE0F00CBE63F /* Products */,
			);
			sourceTree = "<group>";
		};
		18560965255BCE0F00CBE63F /* Products */ = {
			isa = PBXGroup;
			children = (
				18560964255BCE0F00CBE63F /* wolf201111.app */,
			);
			name = Products;
			sourceTree = "<group>";
		};
		18560966255BCE0F00CBE63F /* wolf201111 */ = {
			isa = PBXGroup;
			children = (
				18560967255BCE0F00CBE63F /* AppDelegate.swift */,
				18560969255BCE0F00CBE63F /* SceneDelegate.swift */,
				1856096B255BCE0F00CBE63F /* ViewController.swift */,
				1856096D255BCE0F00CBE63F /* Main.storyboard */,
				18560970255BCE1000CBE63F /* Assets.xcassets */,
				18560972255BCE1000CBE63F /* LaunchScreen.storyboard */,
				18560975255BCE1000CBE63F /* Info.plist */,
			);
			path = wolf201111;
			sourceTree = "<group>";
		};
/* End PBXGroup section */

/* Begin PBXNativeTarget section */
		18560963255BCE0F00CBE63F /* wolf201111 */ = {
			isa = PBXNativeTarget;
			buildConfigurationList = 18560978255BCE1000CBE63F /* Build configuration list for PBXNativeTarget "wolf201111" */;
			buildPhases = (
				18560960255BCE0F00CBE63F /* Sources */,
				18560961255BCE0F00CBE63F /* Frameworks */,
				18560962255BCE0F00CBE63F /* Resources */,
			);
			buildRules = (
			);
			dependencies = (
			);
			name = wolf201111;
			productName = wolf201111;
			productReference = 18560964255BCE0F00CBE63F /* wolf201111.app */;
			productType = "com.apple.product-type.application";
		};
/* End PBXNativeTarget section */

/* Begin PBXProject section */
		1856095C255BCE0F00CBE63F /* Project object */ = {
			isa = PBXProject;
			attributes = {
				LastSwiftUpdateCheck = 1210;
				LastUpgradeCheck = 1210;
				TargetAttributes = {
					18560963255BCE0F00CBE63F = {
						CreatedOnToolsVersion = 12.1;
					};
				};
			};
			buildConfigurationList = 1856095F255BCE0F00CBE63F /* Build configuration list for PBXProject "wolf201111" */;
			compatibilityVersion = "Xcode 9.3";
			developmentRegion = en;
			hasScannedForEncodings = 0;
			knownRegions = (
				en,
				Base,
			);
			mainGroup = 1856095B255BCE0F00CBE63F;
			productRefGroup = 18560965255BCE0F00CBE63F /* Products */;
			projectDirPath = "";
			projectRoot = "";
			targets = (
				18560963255BCE0F00CBE63F /* wolf201111 */,
			);
		};
/* End PBXProject section */

/* Begin PBXResourcesBuildPhase section */
		18560962255BCE0F00CBE63F /* Resources */ = {
			isa = PBXResourcesBuildPhase;
			buildActionMask = 2147483647;
			files = (
				18560974255BCE1000CBE63F /* LaunchScreen.storyboard in Resources */,
				18560971255BCE1000CBE63F /* Assets.xcassets in Resources */,
				1856096F255BCE0F00CBE63F /* Main.storyboard in Resources */,
			);
			runOnlyForDeploymentPostprocessing = 0;
		};
/* End PBXResourcesBuildPhase section */

/* Begin PBXSourcesBuildPhase section */
		18560960255BCE0F00CBE63F /* Sources */ = {
			isa = PBXSourcesBuildPhase;
			buildActionMask = 2147483647;
			files = (
				1856096C255BCE0F00CBE63F /* ViewController.swift in Sources */,
				18560968255BCE0F00CBE63F /* AppDelegate.swift in Sources */,
				1856096A255BCE0F00CBE63F /* SceneDelegate.swift in Sources */,
			);
			runOnlyForDeploymentPostprocessing = 0;
		};
/* End PBXSourcesBuildPhase section */

/* Begin PBXVariantGroup section */
		1856096D255BCE0F00CBE63F /* Main.storyboard */ = {
			isa = PBXVariantGroup;
			children = (
				1856096E255BCE0F00CBE63F /* Base */,
			);
			name = Main.storyboard;
			sourceTree = "<group>";
		};
		18560972255BCE1000CBE63F /* LaunchScreen.storyboard */ = {
			isa = PBXVariantGroup;
			children = (
				18560973255BCE1000CBE63F /* Base */,
			);
			name = LaunchScreen.storyboard;
			sourceTree = "<group>";
		};
/* End PBXVariantGroup section */

/* Begin XCBuildConfiguration section */
		18560976255BCE1000CBE63F /* Debug */ = {
			isa = XCBuildConfiguration;
			buildSettings = {
				ALWAYS_SEARCH_USER_PATHS = NO;
				CLANG_ANALYZER_NONNULL = YES;
				CLANG_ANALYZER_NUMBER_OBJECT_CONVERSION = YES_AGGRESSIVE;
				CLANG_CXX_LANGUAGE_STANDARD = "gnu++14";
				CLANG_CXX_LIBRARY = "libc++";
				CLANG_ENABLE_MODULES = YES;
				CLANG_ENABLE_OBJC_ARC = YES;
				CLANG_ENABLE_OBJC_WEAK = YES;
				CLANG_WARN_BLOCK_CAPTURE_AUTORELEASING = YES;
				CLANG_WARN_BOOL_CONVERSION = YES;
				CLANG_WARN_COMMA = YES;
				CLANG_WARN_CONSTANT_CONVERSION = YES;
				CLANG_WARN_DEPRECATED_OBJC_IMPLEMENTATIONS = YES;
				CLANG_WARN_DIRECT_OBJC_ISA_USAGE = YES_ERROR;
				CLANG_WARN_DOCUMENTATION_COMMENTS = YES;
				CLANG_WARN_EMPTY_BODY = YES;
				CLANG_WARN_ENUM_CONVERSION = YES;
				CLANG_WARN_INFINITE_RECURSION = YES;
				CLANG_WARN_INT_CONVERSION = YES;
				CLANG_WARN_NON_LITERAL_NULL_CONVERSION = YES;
				CLANG_WARN_OBJC_IMPLICIT_RETAIN_SELF = YES;
				CLANG_WARN_OBJC_LITERAL_CONVERSION = YES;
				CLANG_WARN_OBJC_ROOT_CLASS = YES_ERROR;
				CLANG_WARN_QUOTED_INCLUDE_IN_FRAMEWORK_HEADER = YES;
				CLANG_WARN_RANGE_LOOP_ANALYSIS = YES;
				CLANG_WARN_STRICT_PROTOTYPES = YES;
				CLANG_WARN_SUSPICIOUS_MOVE = YES;
				CLANG_WARN_UNGUARDED_AVAILABILITY = YES_AGGRESSIVE;
				CLANG_WARN_UNREACHABLE_CODE = YES;
				CLANG_WARN__DUPLICATE_METHOD_MATCH = YES;
				COPY_PHASE_STRIP = NO;
				DEBUG_INFORMATION_FORMAT = dwarf;
				ENABLE_STRICT_OBJC_MSGSEND = YES;
				ENABLE_TESTABILITY = YES;
				GCC_C_LANGUAGE_STANDARD = gnu11;
				GCC_DYNAMIC_NO_PIC = NO;
				GCC_NO_COMMON_BLOCKS = YES;
				GCC_OPTIMIZATION_LEVEL = 0;
				GCC_PREPROCESSOR_DEFINITIONS = (
					"DEBUG=1",
					"$(inherited)",
				);
				GCC_WARN_64_TO_32_BIT_CONVERSION = YES;
				GCC_WARN_ABOUT_RETURN_TYPE = YES_ERROR;
				GCC_WARN_UNDECLARED_SELECTOR = YES;
				GCC_WARN_UNINITIALIZED_AUTOS = YES_AGGRESSIVE;
				GCC_WARN_UNUSED_FUNCTION = YES;
				GCC_WARN_UNUSED_VARIABLE = YES;
				IPHONEOS_DEPLOYMENT_TARGET = 14.1;
				MTL_ENABLE_DEBUG_INFO = INCLUDE_SOURCE;
				MTL_FAST_MATH = YES;
				ONLY_ACTIVE_ARCH = YES;
				SDKROOT = iphoneos;
				SWIFT_ACTIVE_COMPILATION_CONDITIONS = DEBUG;
				SWIFT_OPTIMIZATION_LEVEL = "-Onone";
			};
			name = Debug;
		};
		18560977255BCE1000CBE63F /* Release */ = {
			isa = XCBuildConfiguration;
			buildSettings = {
				ALWAYS_SEARCH_USER_PATHS = NO;
				CLANG_ANALYZER_NONNULL = YES;
				CLANG_ANALYZER_NUMBER_OBJECT_CONVERSION = YES_AGGRESSIVE;
				CLANG_CXX_LANGUAGE_STANDARD = "gnu++14";
				CLANG_CXX_LIBRARY = "libc++";
				CLANG_ENABLE_MODULES = YES;
				CLANG_ENABLE_OBJC_ARC = YES;
				CLANG_ENABLE_OBJC_WEAK = YES;
				CLANG_WARN_BLOCK_CAPTURE_AUTORELEASING = YES;
				CLANG_WARN_BOOL_CONVERSION = YES;
				CLANG_WARN_COMMA = YES;
				CLANG_WARN_CONSTANT_CONVERSION = YES;
				CLANG_WARN_DEPRECATED_OBJC_IMPLEMENTATIONS = YES;
				CLANG_WARN_DIRECT_OBJC_ISA_USAGE = YES_ERROR;
				CLANG_WARN_DOCUMENTATION_COMMENTS = YES;
				CLANG_WARN_EMPTY_BODY = YES;
				CLANG_WARN_ENUM_CONVERSION = YES;
				CLANG_WARN_INFINITE_RECURSION = YES;
				CLANG_WARN_INT_CONVERSION = YES;
				CLANG_WARN_NON_LITERAL_NULL_CONVERSION = YES;
				CLANG_WARN_OBJC_IMPLICIT_RETAIN_SELF = YES;
				CLANG_WARN_OBJC_LITERAL_CONVERSION = YES;
				CLANG_WARN_OBJC_ROOT_CLASS = YES_ERROR;
				CLANG_WARN_QUOTED_INCLUDE_IN_FRAMEWORK_HEADER = YES;
				CLANG_WARN_RANGE_LOOP_ANALYSIS = YES;
				CLANG_WARN_STRICT_PROTOTYPES = YES;
				CLANG_WARN_SUSPICIOUS_MOVE = YES;
				CLANG_WARN_UNGUARDED_AVAILABILITY = YES_AGGRESSIVE;
				CLANG_WARN_UNREACHABLE_CODE = YES;
				CLANG_WARN__DUPLICATE_METHOD_MATCH = YES;
				COPY_PHASE_STRIP = NO;
				DEBUG_INFORMATION_FORMAT = "dwarf-with-dsym";
				ENABLE_NS_ASSERTIONS = NO;
				ENABLE_STRICT_OBJC_MSGSEND = YES;
				GCC_C_LANGUAGE_STANDARD = gnu11;
				GCC_NO_COMMON_BLOCKS = YES;
				GCC_WARN_64_TO_32_BIT_CONVERSION = YES;
				GCC_WARN_ABOUT_RETURN_TYPE = YES_ERROR;
				GCC_WARN_UNDECLARED_SELECTOR = YES;
				GCC_WARN_UNINITIALIZED_AUTOS = YES_AGGRESSIVE;
				GCC_WARN_UNUSED_FUNCTION = YES;
				GCC_WARN_UNUSED_VARIABLE = YES;
				IPHONEOS_DEPLOYMENT_TARGET = 14.1;
				MTL_ENABLE_DEBUG_INFO = NO;
				MTL_FAST_MATH = YES;
				SDKROOT = iphoneos;
				SWIFT_COMPILATION_MODE = wholemodule;
				SWIFT_OPTIMIZATION_LEVEL = "-O";
				VALIDATE_PRODUCT = YES;
			};
			name = Release;
		};
		18560979255BCE1000CBE63F /* Debug */ = {
			isa = XCBuildConfiguration;
			buildSettings = {
				ASSETCATALOG_COMPILER_APPICON_NAME = AppIcon;
				ASSETCATALOG_COMPILER_GLOBAL_ACCENT_COLOR_NAME = AccentColor;
				CODE_SIGN_STYLE = Automatic;
				INFOPLIST_FILE = wolf201111/Info.plist;
				LD_RUNPATH_SEARCH_PATHS = (
					"$(inherited)",
					"@executable_path/Frameworks",
				);
				PRODUCT_BUNDLE_IDENTIFIER = IT.wolf201111;
				PRODUCT_NAME = "$(TARGET_NAME)";
				SWIFT_VERSION = 5.0;
				TARGETED_DEVICE_FAMILY = "1,2";
			};
			name = Debug;
		};
		1856097A255BCE1000CBE63F /* Release */ = {
			isa = XCBuildConfiguration;
			buildSettings = {
				ASSETCATALOG_COMPILER_APPICON_NAME = AppIcon;
				ASSETCATALOG_COMPILER_GLOBAL_ACCENT_COLOR_NAME = AccentColor;
				CODE_SIGN_STYLE = Automatic;
				INFOPLIST_FILE = wolf201111/Info.plist;
				LD_RUNPATH_SEARCH_PATHS = (
					"$(inherited)",
					"@executable_path/Frameworks",
				);
				PRODUCT_BUNDLE_IDENTIFIER = IT.wolf201111;
				PRODUCT_NAME = "$(TARGET_NAME)";
				SWIFT_VERSION = 5.0;
				TARGETED_DEVICE_FAMILY = "1,2";
			};
			name = Release;
		};
/* End XCBuildConfiguration section */

/* Begin XCConfigurationList section */
		1856095F255BCE0F00CBE63F /* Build configuration list for PBXProject "wolf201111" */ = {
			isa = XCConfigurationList;
			buildConfigurations = (
				18560976255BCE1000CBE63F /* Debug */,
				18560977255BCE1000CBE63F /* Release */,
			);
			defaultConfigurationIsVisible = 0;
			defaultConfigurationName = Release;
		};
		18560978255BCE1000CBE63F /* Build configuration list for PBXNativeTarget "wolf201111" */ = {
			isa = XCConfigurationList;
			buildConfigurations = (
				18560979255BCE1000CBE63F /* Debug */,
				1856097A255BCE1000CBE63F /* Release */,
			);
			defaultConfigurationIsVisible = 0;
			defaultConfigurationName = Release;
		};
/* End XCConfigurationList section */
	};
	rootObject = 1856095C255BCE0F00CBE63F /* Project object */;
}
